
Microsoft Visual Studio Solution File, Format Version 12.00
# Visual Studio Version 17
VisualStudioVersion = 17.8.34316.72
MinimumVisualStudioVersion = 10.0.40219.1
Project("{9A19103F-16F7-4668-BE54-9A1E7A4F7556}") = "SistemaGerenciamento", "SistemaGerenciamento\SistemaGerenciamento.csproj", "{50D77A87-1FE5-4FF8-84F9-2F01A49B2C17}"
EndProject
Project("{9A19103F-16F7-4668-BE54-9A1E7A4F7556}") = "UI", "UI\UI.csproj", "{DFB30C76-FECE-4FA1-BD92-AB2989B7BEB1}"
EndProject
Global
	GlobalSection(SolutionConfigurationPlatforms) = preSolution
		Debug|Any CPU = Debug|Any CPU
		Release|Any CPU = Release|Any CPU
	EndGlobalSection
	GlobalSection(ProjectConfigurationPlatforms) = postSolution
		{50D77A87-1FE5-4FF8-84F9-2F01A49B2C17}.Debug|Any CPU.ActiveCfg = Debug|Any CPU
		{50D77A87-1FE5-4FF8-84F9-2F01A49B2C17}.Debug|Any CPU.Build.0 = Debug|Any CPU
		{50D77A87-1FE5-4FF8-84F9-2F01A49B2C17}.Release|Any CPU.ActiveCfg = Release|Any CPU
		{50D77A87-1FE5-4FF8-84F9-2F01A49B2C17}.Release|Any CPU.Build.0 = Release|Any CPU
		{DFB30C76-FECE-4FA1-BD92-AB2989B7BEB1}.Debug|Any CPU.ActiveCfg = Debug|Any CPU
		{DFB30C76-FECE-4FA1-BD92-AB2989B7BEB1}.Debug|Any CPU.Build.0 = Debug|Any CPU
		{DFB30C76-FECE-4FA1-BD92-AB2989B7BEB1}.Release|Any CPU.ActiveCfg = Release|Any CPU
		{DFB30C76-FECE-4FA1-BD92-AB2989B7BEB1}.Release|Any CPU.Build.0 = Release|Any CPU
	EndGlobalSection
	GlobalSection(SolutionProperties) = preSolution
		HideSolutionNode = FALSE
	EndGlobalSection
	GlobalSection(ExtensibilityGlobals) = postSolution
		SolutionGuid = {9362593F-DB3D-4E67-AAE6-A3E5EB7051D2}
	EndGlobalSection
EndGlobal
